
Microsoft Visual Studio Solution File, Format Version 12.00
# Visual Studio Version 16
VisualStudioVersion = 16.0.30104.148
MinimumVisualStudioVersion = 10.0.40219.1
Project("{FAE04EC0-301F-11D3-BF4B-00C04F79EFBC}") = "BillingSoftware", "BillingSoftware.csproj", "{E8B3478C-9364-4889-857D-5FB565500815}"
EndProject
Global
	GlobalSection(SolutionConfigurationPlatforms) = preSolution
		Debug|Any CPU = Debug|Any CPU
		Release|Any CPU = Release|Any CPU
	EndGlobalSection
	GlobalSection(ProjectConfigurationPlatforms) = postSolution
		{E8B3478C-9364-4889-857D-5FB565500815}.Debug|Any CPU.ActiveCfg = Debug|Any CPU
		{E8B3478C-9364-4889-857D-5FB565500815}.Debug|Any CPU.Build.0 = Debug|Any CPU
		{E8B3478C-9364-4889-857D-5FB565500815}.Release|Any CPU.ActiveCfg = Release|Any CPU
		{E8B3478C-9364-4889-857D-5FB565500815}.Release|Any CPU.Build.0 = Release|Any CPU
	EndGlobalSection
	GlobalSection(SolutionProperties) = preSolution
		HideSolutionNode = FALSE
	EndGlobalSection
	GlobalSection(ExtensibilityGlobals) = postSolution
		SolutionGuid = {4C287AC2-8209-474A-AF93-246F129392C9}
	EndGlobalSection
EndGlobal
